// !$*UTF8*$!
{
	archiveVersion = 1;
	classes = {
	};
	objectVersion = 46;
	objects = {

/* Begin PBXBuildFile section */
		CC076EBC1CFB5E6C00994752 /* Presenter.swift in Sources */ = {isa = PBXBuildFile; fileRef = CC076EBB1CFB5E6C00994752 /* Presenter.swift */; };
		CC076EC01CFB5F8600994752 /* ReactiveCocoa.framework in Frameworks */ = {isa = PBXBuildFile; fileRef = CC076EBE1CFB5F8600994752 /* ReactiveCocoa.framework */; };
		CC076EC11CFB5F8700994752 /* Result.framework in Frameworks */ = {isa = PBXBuildFile; fileRef = CC076EBF1CFB5F8600994752 /* Result.framework */; };
		CC3651A01CFB626F008746F9 /* PresenterProtocol.swift in Sources */ = {isa = PBXBuildFile; fileRef = CC36519F1CFB626F008746F9 /* PresenterProtocol.swift */; };
		CC3651A61CFB675E008746F9 /* SerialPresenter.swift in Sources */ = {isa = PBXBuildFile; fileRef = CC3651A51CFB675E008746F9 /* SerialPresenter.swift */; };
		CCE2DCD51D058ACF004B0D03 /* UITableViewCell.swift in Sources */ = {isa = PBXBuildFile; fileRef = CCE2DCD41D058ACF004B0D03 /* UITableViewCell.swift */; };
		CCEB83821D00AF13001283FC /* UIBarButton.swift in Sources */ = {isa = PBXBuildFile; fileRef = CCEB83811D00AF13001283FC /* UIBarButton.swift */; };
		CCEB83861D00AF4C001283FC /* ReactivePresenters.framework in Frameworks */ = {isa = PBXBuildFile; fileRef = CC076EB01CFB5DA800994752 /* ReactivePresenters.framework */; };
		CCEB83871D00AF5A001283FC /* ReactiveCocoa.framework in Frameworks */ = {isa = PBXBuildFile; fileRef = CC076EBE1CFB5F8600994752 /* ReactiveCocoa.framework */; };
		CCEB83881D00AF5A001283FC /* Result.framework in Frameworks */ = {isa = PBXBuildFile; fileRef = CC076EBF1CFB5F8600994752 /* Result.framework */; };
		CCEB838A1D00AFC6001283FC /* UIButton.swift in Sources */ = {isa = PBXBuildFile; fileRef = CCEB83891D00AFC6001283FC /* UIButton.swift */; };
		CCEB838C1D00AFFB001283FC /* UIControl.swift in Sources */ = {isa = PBXBuildFile; fileRef = CCEB838B1D00AFFB001283FC /* UIControl.swift */; };
		CCEB838E1D00B036001283FC /* UILabel.swift in Sources */ = {isa = PBXBuildFile; fileRef = CCEB838D1D00B036001283FC /* UILabel.swift */; };
		CCEB83901D00B088001283FC /* UITextField.swift in Sources */ = {isa = PBXBuildFile; fileRef = CCEB838F1D00B088001283FC /* UITextField.swift */; };
		CCEB83961D00B3CB001283FC /* UIViewController.swift in Sources */ = {isa = PBXBuildFile; fileRef = CCEB83951D00B3CB001283FC /* UIViewController.swift */; };
/* End PBXBuildFile section */

/* Begin PBXFileReference section */
		CC076EB01CFB5DA800994752 /* ReactivePresenters.framework */ = {isa = PBXFileReference; explicitFileType = wrapper.framework; includeInIndex = 0; path = ReactivePresenters.framework; sourceTree = BUILT_PRODUCTS_DIR; };
		CC076EBB1CFB5E6C00994752 /* Presenter.swift */ = {isa = PBXFileReference; fileEncoding = 4; lastKnownFileType = sourcecode.swift; path = Presenter.swift; sourceTree = "<group>"; };
		CC076EBE1CFB5F8600994752 /* ReactiveCocoa.framework */ = {isa = PBXFileReference; lastKnownFileType = wrapper.framework; name = ReactiveCocoa.framework; path = Carthage/Build/iOS/ReactiveCocoa.framework; sourceTree = "<group>"; };
		CC076EBF1CFB5F8600994752 /* Result.framework */ = {isa = PBXFileReference; lastKnownFileType = wrapper.framework; name = Result.framework; path = Carthage/Build/iOS/Result.framework; sourceTree = "<group>"; };
		CC36519F1CFB626F008746F9 /* PresenterProtocol.swift */ = {isa = PBXFileReference; fileEncoding = 4; lastKnownFileType = sourcecode.swift; path = PresenterProtocol.swift; sourceTree = "<group>"; };
		CC3651A51CFB675E008746F9 /* SerialPresenter.swift */ = {isa = PBXFileReference; fileEncoding = 4; lastKnownFileType = sourcecode.swift; path = SerialPresenter.swift; sourceTree = "<group>"; };
		CC3651A81CFB6CA6008746F9 /* Info.plist */ = {isa = PBXFileReference; fileEncoding = 4; lastKnownFileType = text.plist.xml; path = Info.plist; sourceTree = "<group>"; };
		CCE2DCD41D058ACF004B0D03 /* UITableViewCell.swift */ = {isa = PBXFileReference; fileEncoding = 4; lastKnownFileType = sourcecode.swift; path = UITableViewCell.swift; sourceTree = "<group>"; };
		CCEB83791D00AEF7001283FC /* ReactiveCocoaPresenters.framework */ = {isa = PBXFileReference; explicitFileType = wrapper.framework; includeInIndex = 0; path = ReactiveCocoaPresenters.framework; sourceTree = BUILT_PRODUCTS_DIR; };
		CCEB83811D00AF13001283FC /* UIBarButton.swift */ = {isa = PBXFileReference; fileEncoding = 4; lastKnownFileType = sourcecode.swift; path = UIBarButton.swift; sourceTree = "<group>"; };
		CCEB83841D00AF2E001283FC /* Info.plist */ = {isa = PBXFileReference; fileEncoding = 4; lastKnownFileType = text.plist.xml; path = Info.plist; sourceTree = "<group>"; };
		CCEB83891D00AFC6001283FC /* UIButton.swift */ = {isa = PBXFileReference; fileEncoding = 4; lastKnownFileType = sourcecode.swift; path = UIButton.swift; sourceTree = "<group>"; };
		CCEB838B1D00AFFB001283FC /* UIControl.swift */ = {isa = PBXFileReference; fileEncoding = 4; lastKnownFileType = sourcecode.swift; path = UIControl.swift; sourceTree = "<group>"; };
		CCEB838D1D00B036001283FC /* UILabel.swift */ = {isa = PBXFileReference; fileEncoding = 4; lastKnownFileType = sourcecode.swift; path = UILabel.swift; sourceTree = "<group>"; };
		CCEB838F1D00B088001283FC /* UITextField.swift */ = {isa = PBXFileReference; fileEncoding = 4; lastKnownFileType = sourcecode.swift; path = UITextField.swift; sourceTree = "<group>"; };
		CCEB83951D00B3CB001283FC /* UIViewController.swift */ = {isa = PBXFileReference; fileEncoding = 4; lastKnownFileType = sourcecode.swift; path = UIViewController.swift; sourceTree = "<group>"; };
/* End PBXFileReference section */

/* Begin PBXFrameworksBuildPhase section */
		CC076EAC1CFB5DA800994752 /* Frameworks */ = {
			isa = PBXFrameworksBuildPhase;
			buildActionMask = 2147483647;
			files = (
				CC076EC01CFB5F8600994752 /* ReactiveCocoa.framework in Frameworks */,
				CC076EC11CFB5F8700994752 /* Result.framework in Frameworks */,
			);
			runOnlyForDeploymentPostprocessing = 0;
		};
		CCEB83751D00AEF7001283FC /* Frameworks */ = {
			isa = PBXFrameworksBuildPhase;
			buildActionMask = 2147483647;
			files = (
				CCEB83881D00AF5A001283FC /* Result.framework in Frameworks */,
				CCEB83861D00AF4C001283FC /* ReactivePresenters.framework in Frameworks */,
				CCEB83871D00AF5A001283FC /* ReactiveCocoa.framework in Frameworks */,
			);
			runOnlyForDeploymentPostprocessing = 0;
		};
/* End PBXFrameworksBuildPhase section */

/* Begin PBXGroup section */
		CC076EA61CFB5DA800994752 = {
			isa = PBXGroup;
			children = (
				CC076EB21CFB5DA800994752 /* ReactivePresenters */,
				CCEB837A1D00AEF7001283FC /* ReactiveCocoaPresenters */,
				CC076EC21CFB5F9200994752 /* Frameworks */,
				CC076EB11CFB5DA800994752 /* Products */,
			);
			sourceTree = "<group>";
		};
		CC076EB11CFB5DA800994752 /* Products */ = {
			isa = PBXGroup;
			children = (
				CC076EB01CFB5DA800994752 /* ReactivePresenters.framework */,
				CCEB83791D00AEF7001283FC /* ReactiveCocoaPresenters.framework */,
			);
			name = Products;
			sourceTree = "<group>";
		};
		CC076EB21CFB5DA800994752 /* ReactivePresenters */ = {
			isa = PBXGroup;
			children = (
				CC36519F1CFB626F008746F9 /* PresenterProtocol.swift */,
				CC076EBB1CFB5E6C00994752 /* Presenter.swift */,
				CC3651A51CFB675E008746F9 /* SerialPresenter.swift */,
				CC3651A71CFB6CA6008746F9 /* Supporting Files */,
			);
			path = ReactivePresenters;
			sourceTree = "<group>";
		};
		CC076EC21CFB5F9200994752 /* Frameworks */ = {
			isa = PBXGroup;
			children = (
				CC076EBE1CFB5F8600994752 /* ReactiveCocoa.framework */,
				CC076EBF1CFB5F8600994752 /* Result.framework */,
			);
			name = Frameworks;
			sourceTree = "<group>";
		};
		CC3651A71CFB6CA6008746F9 /* Supporting Files */ = {
			isa = PBXGroup;
			children = (
				CC3651A81CFB6CA6008746F9 /* Info.plist */,
			);
			path = "Supporting Files";
			sourceTree = "<group>";
		};
		CCEB837A1D00AEF7001283FC /* ReactiveCocoaPresenters */ = {
			isa = PBXGroup;
			children = (
				CCEB83811D00AF13001283FC /* UIBarButton.swift */,
				CCEB83891D00AFC6001283FC /* UIButton.swift */,
				CCEB838B1D00AFFB001283FC /* UIControl.swift */,
				CCEB838D1D00B036001283FC /* UILabel.swift */,
				CCE2DCD41D058ACF004B0D03 /* UITableViewCell.swift */,
				CCEB838F1D00B088001283FC /* UITextField.swift */,
				CCEB83951D00B3CB001283FC /* UIViewController.swift */,
				CCEB83831D00AF2E001283FC /* Supporting Files */,
			);
			path = ReactiveCocoaPresenters;
			sourceTree = "<group>";
		};
		CCEB83831D00AF2E001283FC /* Supporting Files */ = {
			isa = PBXGroup;
			children = (
				CCEB83841D00AF2E001283FC /* Info.plist */,
			);
			path = "Supporting Files";
			sourceTree = "<group>";
		};
/* End PBXGroup section */

/* Begin PBXHeadersBuildPhase section */
		CC076EAD1CFB5DA800994752 /* Headers */ = {
			isa = PBXHeadersBuildPhase;
			buildActionMask = 2147483647;
			files = (
			);
			runOnlyForDeploymentPostprocessing = 0;
		};
		CCEB83761D00AEF7001283FC /* Headers */ = {
			isa = PBXHeadersBuildPhase;
			buildActionMask = 2147483647;
			files = (
			);
			runOnlyForDeploymentPostprocessing = 0;
		};
/* End PBXHeadersBuildPhase section */

/* Begin PBXNativeTarget section */
		CC076EAF1CFB5DA800994752 /* ReactivePresenters */ = {
			isa = PBXNativeTarget;
			buildConfigurationList = CC076EB81CFB5DA800994752 /* Build configuration list for PBXNativeTarget "ReactivePresenters" */;
			buildPhases = (
				CC076EAB1CFB5DA800994752 /* Sources */,
				CC076EAC1CFB5DA800994752 /* Frameworks */,
				CC076EAD1CFB5DA800994752 /* Headers */,
				CC076EAE1CFB5DA800994752 /* Resources */,
				CC076EBD1CFB5F4F00994752 /* Copy Carthage Frameworks */,
			);
			buildRules = (
			);
			dependencies = (
			);
			name = ReactivePresenters;
			productName = ReactivePresenters;
			productReference = CC076EB01CFB5DA800994752 /* ReactivePresenters.framework */;
			productType = "com.apple.product-type.framework";
		};
		CCEB83781D00AEF7001283FC /* ReactiveCocoaPresenters */ = {
			isa = PBXNativeTarget;
			buildConfigurationList = CCEB837E1D00AEF7001283FC /* Build configuration list for PBXNativeTarget "ReactiveCocoaPresenters" */;
			buildPhases = (
				CCEB83741D00AEF7001283FC /* Sources */,
				CCEB83751D00AEF7001283FC /* Frameworks */,
				CCEB83761D00AEF7001283FC /* Headers */,
				CCEB83771D00AEF7001283FC /* Resources */,
			);
			buildRules = (
			);
			dependencies = (
			);
			name = ReactiveCocoaPresenters;
			productName = ReactiveCocoaPresenters;
			productReference = CCEB83791D00AEF7001283FC /* ReactiveCocoaPresenters.framework */;
			productType = "com.apple.product-type.framework";
		};
/* End PBXNativeTarget section */

/* Begin PBXProject section */
		CC076EA71CFB5DA800994752 /* Project object */ = {
			isa = PBXProject;
			attributes = {
				LastUpgradeCheck = 0730;
				ORGANIZATIONNAME = "Ilya Laryionau";
				TargetAttributes = {
					CC076EAF1CFB5DA800994752 = {
						CreatedOnToolsVersion = 7.3.1;
					};
					CCEB83781D00AEF7001283FC = {
						CreatedOnToolsVersion = 7.3.1;
					};
				};
			};
			buildConfigurationList = CC076EAA1CFB5DA800994752 /* Build configuration list for PBXProject "ReactivePresenters" */;
			compatibilityVersion = "Xcode 3.2";
			developmentRegion = English;
			hasScannedForEncodings = 0;
			knownRegions = (
				en,
			);
			mainGroup = CC076EA61CFB5DA800994752;
			productRefGroup = CC076EB11CFB5DA800994752 /* Products */;
			projectDirPath = "";
			projectRoot = "";
			targets = (
				CC076EAF1CFB5DA800994752 /* ReactivePresenters */,
				CCEB83781D00AEF7001283FC /* ReactiveCocoaPresenters */,
			);
		};
/* End PBXProject section */

/* Begin PBXResourcesBuildPhase section */
		CC076EAE1CFB5DA800994752 /* Resources */ = {
			isa = PBXResourcesBuildPhase;
			buildActionMask = 2147483647;
			files = (
			);
			runOnlyForDeploymentPostprocessing = 0;
		};
		CCEB83771D00AEF7001283FC /* Resources */ = {
			isa = PBXResourcesBuildPhase;
			buildActionMask = 2147483647;
			files = (
			);
			runOnlyForDeploymentPostprocessing = 0;
		};
/* End PBXResourcesBuildPhase section */

/* Begin PBXShellScriptBuildPhase section */
		CC076EBD1CFB5F4F00994752 /* Copy Carthage Frameworks */ = {
			isa = PBXShellScriptBuildPhase;
			buildActionMask = 2147483647;
			files = (
			);
			inputPaths = (
				"$(SRCROOT)/Carthage/Build/iOS/ReactiveCocoa.framework",
				"$(SRCROOT)/Carthage/Build/iOS/Result.framework",
			);
			name = "Copy Carthage Frameworks";
			outputPaths = (
			);
			runOnlyForDeploymentPostprocessing = 0;
			shellPath = /bin/sh;
			shellScript = "/usr/local/bin/carthage copy-frameworks";
		};
/* End PBXShellScriptBuildPhase section */

/* Begin PBXSourcesBuildPhase section */
		CC076EAB1CFB5DA800994752 /* Sources */ = {
			isa = PBXSourcesBuildPhase;
			buildActionMask = 2147483647;
			files = (
				CC3651A61CFB675E008746F9 /* SerialPresenter.swift in Sources */,
				CC3651A01CFB626F008746F9 /* PresenterProtocol.swift in Sources */,
				CC076EBC1CFB5E6C00994752 /* Presenter.swift in Sources */,
			);
			runOnlyForDeploymentPostprocessing = 0;
		};
		CCEB83741D00AEF7001283FC /* Sources */ = {
			isa = PBXSourcesBuildPhase;
			buildActionMask = 2147483647;
			files = (
				CCEB83821D00AF13001283FC /* UIBarButton.swift in Sources */,
				CCEB83901D00B088001283FC /* UITextField.swift in Sources */,
				CCEB83961D00B3CB001283FC /* UIViewController.swift in Sources */,
				CCEB838A1D00AFC6001283FC /* UIButton.swift in Sources */,
				CCEB838E1D00B036001283FC /* UILabel.swift in Sources */,
				CCE2DCD51D058ACF004B0D03 /* UITableViewCell.swift in Sources */,
				CCEB838C1D00AFFB001283FC /* UIControl.swift in Sources */,
			);
			runOnlyForDeploymentPostprocessing = 0;
		};
/* End PBXSourcesBuildPhase section */

/* Begin XCBuildConfiguration section */
		CC076EB61CFB5DA800994752 /* Debug */ = {
			isa = XCBuildConfiguration;
			buildSettings = {
				ALWAYS_SEARCH_USER_PATHS = NO;
				CLANG_ANALYZER_NONNULL = YES;
				CLANG_CXX_LANGUAGE_STANDARD = "gnu++0x";
				CLANG_CXX_LIBRARY = "libc++";
				CLANG_ENABLE_MODULES = YES;
				CLANG_ENABLE_OBJC_ARC = YES;
				CLANG_WARN_BOOL_CONVERSION = YES;
				CLANG_WARN_CONSTANT_CONVERSION = YES;
				CLANG_WARN_DIRECT_OBJC_ISA_USAGE = YES_ERROR;
				CLANG_WARN_EMPTY_BODY = YES;
				CLANG_WARN_ENUM_CONVERSION = YES;
				CLANG_WARN_INT_CONVERSION = YES;
				CLANG_WARN_OBJC_ROOT_CLASS = YES_ERROR;
				CLANG_WARN_UNREACHABLE_CODE = YES;
				CLANG_WARN__DUPLICATE_METHOD_MATCH = YES;
				"CODE_SIGN_IDENTITY[sdk=iphoneos*]" = "iPhone Developer";
				COPY_PHASE_STRIP = NO;
				CURRENT_PROJECT_VERSION = 1;
				DEBUG_INFORMATION_FORMAT = dwarf;
				ENABLE_STRICT_OBJC_MSGSEND = YES;
				ENABLE_TESTABILITY = YES;
				GCC_C_LANGUAGE_STANDARD = gnu99;
				GCC_DYNAMIC_NO_PIC = NO;
				GCC_NO_COMMON_BLOCKS = YES;
				GCC_OPTIMIZATION_LEVEL = 0;
				GCC_PREPROCESSOR_DEFINITIONS = (
					"DEBUG=1",
					"$(inherited)",
				);
				GCC_WARN_64_TO_32_BIT_CONVERSION = YES;
				GCC_WARN_ABOUT_RETURN_TYPE = YES_ERROR;
				GCC_WARN_UNDECLARED_SELECTOR = YES;
				GCC_WARN_UNINITIALIZED_AUTOS = YES_AGGRESSIVE;
				GCC_WARN_UNUSED_FUNCTION = YES;
				GCC_WARN_UNUSED_VARIABLE = YES;
				IPHONEOS_DEPLOYMENT_TARGET = 8.0;
				MTL_ENABLE_DEBUG_INFO = YES;
				ONLY_ACTIVE_ARCH = YES;
				SDKROOT = iphoneos;
				SWIFT_OPTIMIZATION_LEVEL = "-Onone";
				TARGETED_DEVICE_FAMILY = "1,2";
				VERSIONING_SYSTEM = "apple-generic";
				VERSION_INFO_PREFIX = "";
			};
			name = Debug;
		};
		CC076EB71CFB5DA800994752 /* Release */ = {
			isa = XCBuildConfiguration;
			buildSettings = {
				ALWAYS_SEARCH_USER_PATHS = NO;
				CLANG_ANALYZER_NONNULL = YES;
				CLANG_CXX_LANGUAGE_STANDARD = "gnu++0x";
				CLANG_CXX_LIBRARY = "libc++";
				CLANG_ENABLE_MODULES = YES;
				CLANG_ENABLE_OBJC_ARC = YES;
				CLANG_WARN_BOOL_CONVERSION = YES;
				CLANG_WARN_CONSTANT_CONVERSION = YES;
				CLANG_WARN_DIRECT_OBJC_ISA_USAGE = YES_ERROR;
				CLANG_WARN_EMPTY_BODY = YES;
				CLANG_WARN_ENUM_CONVERSION = YES;
				CLANG_WARN_INT_CONVERSION = YES;
				CLANG_WARN_OBJC_ROOT_CLASS = YES_ERROR;
				CLANG_WARN_UNREACHABLE_CODE = YES;
				CLANG_WARN__DUPLICATE_METHOD_MATCH = YES;
				"CODE_SIGN_IDENTITY[sdk=iphoneos*]" = "iPhone Developer";
				COPY_PHASE_STRIP = NO;
				CURRENT_PROJECT_VERSION = 1;
				DEBUG_INFORMATION_FORMAT = "dwarf-with-dsym";
				ENABLE_NS_ASSERTIONS = NO;
				ENABLE_STRICT_OBJC_MSGSEND = YES;
				GCC_C_LANGUAGE_STANDARD = gnu99;
				GCC_NO_COMMON_BLOCKS = YES;
				GCC_WARN_64_TO_32_BIT_CONVERSION = YES;
				GCC_WARN_ABOUT_RETURN_TYPE = YES_ERROR;
				GCC_WARN_UNDECLARED_SELECTOR = YES;
				GCC_WARN_UNINITIALIZED_AUTOS = YES_AGGRESSIVE;
				GCC_WARN_UNUSED_FUNCTION = YES;
				GCC_WARN_UNUSED_VARIABLE = YES;
				IPHONEOS_DEPLOYMENT_TARGET = 8.0;
				MTL_ENABLE_DEBUG_INFO = NO;
				SDKROOT = iphoneos;
				TARGETED_DEVICE_FAMILY = "1,2";
				VALIDATE_PRODUCT = YES;
				VERSIONING_SYSTEM = "apple-generic";
				VERSION_INFO_PREFIX = "";
			};
			name = Release;
		};
		CC076EB91CFB5DA800994752 /* Debug */ = {
			isa = XCBuildConfiguration;
			buildSettings = {
				CLANG_ENABLE_MODULES = YES;
				DEFINES_MODULE = YES;
				DYLIB_COMPATIBILITY_VERSION = 1;
				DYLIB_CURRENT_VERSION = 1;
				DYLIB_INSTALL_NAME_BASE = "@rpath";
				FRAMEWORK_SEARCH_PATHS = (
					"$(inherited)",
					"$(PROJECT_DIR)/Carthage/Build/iOS",
				);
				INFOPLIST_FILE = "$(SRCROOT)/ReactivePresenters/Supporting Files/Info.plist";
				INSTALL_PATH = "$(LOCAL_LIBRARY_DIR)/Frameworks";
				LD_RUNPATH_SEARCH_PATHS = "$(inherited) @executable_path/Frameworks @loader_path/Frameworks";
				PRODUCT_BUNDLE_IDENTIFIER = "com.ilya-laryionau.ReactivePresenters";
				PRODUCT_NAME = "$(TARGET_NAME)";
				SKIP_INSTALL = YES;
				SWIFT_OPTIMIZATION_LEVEL = "-Onone";
			};
			name = Debug;
		};
		CC076EBA1CFB5DA800994752 /* Release */ = {
			isa = XCBuildConfiguration;
			buildSettings = {
				CLANG_ENABLE_MODULES = YES;
				DEFINES_MODULE = YES;
				DYLIB_COMPATIBILITY_VERSION = 1;
				DYLIB_CURRENT_VERSION = 1;
				DYLIB_INSTALL_NAME_BASE = "@rpath";
				FRAMEWORK_SEARCH_PATHS = (
					"$(inherited)",
					"$(PROJECT_DIR)/Carthage/Build/iOS",
				);
				INFOPLIST_FILE = "$(SRCROOT)/ReactivePresenters/Supporting Files/Info.plist";
				INSTALL_PATH = "$(LOCAL_LIBRARY_DIR)/Frameworks";
				LD_RUNPATH_SEARCH_PATHS = "$(inherited) @executable_path/Frameworks @loader_path/Frameworks";
				PRODUCT_BUNDLE_IDENTIFIER = "com.ilya-laryionau.ReactivePresenters";
				PRODUCT_NAME = "$(TARGET_NAME)";
				SKIP_INSTALL = YES;
			};
			name = Release;
		};
		CCEB837F1D00AEF7001283FC /* Debug */ = {
			isa = XCBuildConfiguration;
			buildSettings = {
				CLANG_ENABLE_MODULES = YES;
				DEFINES_MODULE = YES;
				DYLIB_COMPATIBILITY_VERSION = 1;
				DYLIB_CURRENT_VERSION = 1;
				DYLIB_INSTALL_NAME_BASE = "@rpath";
				FRAMEWORK_SEARCH_PATHS = (
					"$(inherited)",
					"$(PROJECT_DIR)/Carthage/Build/iOS",
				);
				INFOPLIST_FILE = "$(SRCROOT)/ReactiveCocoaPresenters/Supporting Files/Info.plist";
				INSTALL_PATH = "$(LOCAL_LIBRARY_DIR)/Frameworks";
				IPHONEOS_DEPLOYMENT_TARGET = 9.3;
				LD_RUNPATH_SEARCH_PATHS = "$(inherited) @executable_path/Frameworks @loader_path/Frameworks";
				PRODUCT_BUNDLE_IDENTIFIER = "com.ilya-laryionau.ReactiveCocoaPresenters";
				PRODUCT_NAME = "$(TARGET_NAME)";
				SKIP_INSTALL = YES;
				SWIFT_OPTIMIZATION_LEVEL = "-Onone";
			};
			name = Debug;
		};
		CCEB83801D00AEF7001283FC /* Release */ = {
			isa = XCBuildConfiguration;
			buildSettings = {
				CLANG_ENABLE_MODULES = YES;
				DEFINES_MODULE = YES;
				DYLIB_COMPATIBILITY_VERSION = 1;
				DYLIB_CURRENT_VERSION = 1;
				DYLIB_INSTALL_NAME_BASE = "@rpath";
				FRAMEWORK_SEARCH_PATHS = (
					"$(inherited)",
					"$(PROJECT_DIR)/Carthage/Build/iOS",
				);
				INFOPLIST_FILE = "$(SRCROOT)/ReactiveCocoaPresenters/Supporting Files/Info.plist";
				INSTALL_PATH = "$(LOCAL_LIBRARY_DIR)/Frameworks";
				IPHONEOS_DEPLOYMENT_TARGET = 9.3;
				LD_RUNPATH_SEARCH_PATHS = "$(inherited) @executable_path/Frameworks @loader_path/Frameworks";
				PRODUCT_BUNDLE_IDENTIFIER = "com.ilya-laryionau.ReactiveCocoaPresenters";
				PRODUCT_NAME = "$(TARGET_NAME)";
				SKIP_INSTALL = YES;
			};
			name = Release;
		};
/* End XCBuildConfiguration section */

/* Begin XCConfigurationList section */
		CC076EAA1CFB5DA800994752 /* Build configuration list for PBXProject "ReactivePresenters" */ = {
			isa = XCConfigurationList;
			buildConfigurations = (
				CC076EB61CFB5DA800994752 /* Debug */,
				CC076EB71CFB5DA800994752 /* Release */,
			);
			defaultConfigurationIsVisible = 0;
			defaultConfigurationName = Release;
		};
		CC076EB81CFB5DA800994752 /* Build configuration list for PBXNativeTarget "ReactivePresenters" */ = {
			isa = XCConfigurationList;
			buildConfigurations = (
				CC076EB91CFB5DA800994752 /* Debug */,
				CC076EBA1CFB5DA800994752 /* Release */,
			);
			defaultConfigurationIsVisible = 0;
			defaultConfigurationName = Release;
		};
		CCEB837E1D00AEF7001283FC /* Build configuration list for PBXNativeTarget "ReactiveCocoaPresenters" */ = {
			isa = XCConfigurationList;
			buildConfigurations = (
				CCEB837F1D00AEF7001283FC /* Debug */,
				CCEB83801D00AEF7001283FC /* Release */,
			);
			defaultConfigurationIsVisible = 0;
			defaultConfigurationName = Release;
		};
/* End XCConfigurationList section */
	};
	rootObject = CC076EA71CFB5DA800994752 /* Project object */;
}
